
Microsoft Visual Studio Solution File, Format Version 12.00
# Visual Studio 2012
Project("{2150E333-8FDC-42A3-9474-1A3956D46DE8}") = ".nuget", ".nuget", "{FC1851C7-35B2-43E9-8E8B-71340B221469}"
	ProjectSection(SolutionItems) = preProject
		.nuget\NuGet.Config = .nuget\NuGet.Config
		.nuget\NuGet.exe = .nuget\NuGet.exe
		.nuget\NuGet.targets = .nuget\NuGet.targets
	EndProjectSection
EndProject
Project("{2150E333-8FDC-42A3-9474-1A3956D46DE8}") = ".common", ".common", "{42C256BC-3CAA-4684-B5A7-8DB7401D2C25}"
	ProjectSection(SolutionItems) = preProject
		common\GlobalAssemblyInfo.cs = common\GlobalAssemblyInfo.cs
	EndProjectSection
EndProject
Project("{2150E333-8FDC-42A3-9474-1A3956D46DE8}") = "Solution Items", "Solution Items", "{5A292FF3-5C00-4D46-9477-F9CF4EE644BA}"
EndProject
Project("{FAE04EC0-301F-11D3-BF4B-00C04F79EFBC}") = "PA.Plugin", "PA.Plugin\PA.Plugin.csproj", "{557ACE88-A58E-48AB-B7CF-07925CA98530}"
EndProject
Project("{FAE04EC0-301F-11D3-BF4B-00C04F79EFBC}") = "PA.Converters", "PA.Converters\PA.Converters.csproj", "{B09F91A1-DF25-4DAE-8E45-40DF0FA9334F}"
EndProject
Project("{FAE04EC0-301F-11D3-BF4B-00C04F79EFBC}") = "PA.Configuration", "PA.Configuration\PA.Configuration.csproj", "{40FA1F2A-3B4E-470B-87CA-D8B3792F3E8A}"
EndProject
Project("{FAE04EC0-301F-11D3-BF4B-00C04F79EFBC}") = "PA.SimiliBrowser", "PA.SimiliBrowser\PA.SimiliBrowser.csproj", "{A717A9F8-AEA4-4B9A-A0BA-8E6D0C856AEE}"
EndProject
Project("{FAE04EC0-301F-11D3-BF4B-00C04F79EFBC}") = "PA.Data", "PA.Data\PA.Data.csproj", "{DDE40A86-A8A4-4A0E-A964-A4E0C233611F}"
EndProject
Project("{FAE04EC0-301F-11D3-BF4B-00C04F79EFBC}") = "PA.TileList", "PA.TileList\PA.TileList.csproj", "{5B4FACE3-DDB3-4EAA-985A-9DE4AAC34A91}"
EndProject
Project("{FAE04EC0-301F-11D3-BF4B-00C04F79EFBC}") = "PA.TileList.Extensions", "PA.TileList.Extensions\PA.TileList.Extensions.csproj", "{A16E749B-7556-41BD-A9B9-253B3253578C}"
EndProject
Project("{FAE04EC0-301F-11D3-BF4B-00C04F79EFBC}") = "PA.Plugin.Operations", "PA.Plugin.Operations\PA.Plugin.Operations.csproj", "{AC454838-BC18-4852-9EAA-1D2E4E72F711}"
EndProject
Project("{FAE04EC0-301F-11D3-BF4B-00C04F79EFBC}") = "PA.Picture", "PA.Picture\PA.Picture.csproj", "{3B0B93A1-4A55-412B-8F9D-7E94A60867EA}"
EndProject
Project("{FAE04EC0-301F-11D3-BF4B-00C04F79EFBC}") = "PA.Plugin.Threads", "PA.Plugin.Thread\PA.Plugin.Threads.csproj", "{96DAEB75-B658-4D5E-83B5-55745DD983D2}"
EndProject
Project("{FAE04EC0-301F-11D3-BF4B-00C04F79EFBC}") = "PA.TileList.Drawing", "PA.TileList.Drawing\PA.TileList.Drawing.csproj", "{2D187F72-216C-40D5-B9DD-FFB52F7B3AAF}"
EndProject
Project("{FAE04EC0-301F-11D3-BF4B-00C04F79EFBC}") = "PA.File", "PA.File\PA.File.csproj", "{69C9EA62-E168-4241-89DB-A44E8387E846}"
EndProject
Project("{FAE04EC0-301F-11D3-BF4B-00C04F79EFBC}") = "PA.Plugin.Components", "PA.Plugin.Components\PA.Plugin.Components.csproj", "{7DCE837C-CCAC-47D3-BD8F-CFAFEA09CEAE}"
EndProject
Project("{FAE04EC0-301F-11D3-BF4B-00C04F79EFBC}") = "PA.TileList.Geometrics", "PA.TileList.Geometrics\PA.TileList.Geometrics.csproj", "{B64BCAC4-3BD8-414D-8F5C-F55728FA109E}"
EndProject
Project("{2150E333-8FDC-42A3-9474-1A3956D46DE8}") = "Tests", "Tests", "{8115E64F-B81B-4A43-A829-9D41EDBEF529}"
EndProject
Project("{FAE04EC0-301F-11D3-BF4B-00C04F79EFBC}") = "UnitTests", "Tests\UnitTests\UnitTests.csproj", "{AC973648-96E4-4C7F-9047-E84D71EBB750}"
EndProject
Global
	GlobalSection(SolutionConfigurationPlatforms) = preSolution
		Debug|Any CPU = Debug|Any CPU
		Debug|x64 = Debug|x64
		Debug|x86 = Debug|x86
		Release|Any CPU = Release|Any CPU
		Release|x64 = Release|x64
		Release|x86 = Release|x86
	EndGlobalSection
	GlobalSection(ProjectConfigurationPlatforms) = postSolution
		{557ACE88-A58E-48AB-B7CF-07925CA98530}.Debug|Any CPU.ActiveCfg = Debug|Any CPU
		{557ACE88-A58E-48AB-B7CF-07925CA98530}.Debug|Any CPU.Build.0 = Debug|Any CPU
		{557ACE88-A58E-48AB-B7CF-07925CA98530}.Debug|x64.ActiveCfg = Debug|x64
		{557ACE88-A58E-48AB-B7CF-07925CA98530}.Debug|x64.Build.0 = Debug|x64
		{557ACE88-A58E-48AB-B7CF-07925CA98530}.Debug|x86.ActiveCfg = Debug|x86
		{557ACE88-A58E-48AB-B7CF-07925CA98530}.Debug|x86.Build.0 = Debug|x86
		{557ACE88-A58E-48AB-B7CF-07925CA98530}.Release|Any CPU.ActiveCfg = Release|Any CPU
		{557ACE88-A58E-48AB-B7CF-07925CA98530}.Release|Any CPU.Build.0 = Release|Any CPU
		{557ACE88-A58E-48AB-B7CF-07925CA98530}.Release|x64.ActiveCfg = Release|x64
		{557ACE88-A58E-48AB-B7CF-07925CA98530}.Release|x64.Build.0 = Release|x64
		{557ACE88-A58E-48AB-B7CF-07925CA98530}.Release|x86.ActiveCfg = Release|x86
		{557ACE88-A58E-48AB-B7CF-07925CA98530}.Release|x86.Build.0 = Release|x86
		{B09F91A1-DF25-4DAE-8E45-40DF0FA9334F}.Debug|Any CPU.ActiveCfg = Debug|Any CPU
		{B09F91A1-DF25-4DAE-8E45-40DF0FA9334F}.Debug|Any CPU.Build.0 = Debug|Any CPU
		{B09F91A1-DF25-4DAE-8E45-40DF0FA9334F}.Debug|x64.ActiveCfg = Debug|x64
		{B09F91A1-DF25-4DAE-8E45-40DF0FA9334F}.Debug|x64.Build.0 = Debug|x64
		{B09F91A1-DF25-4DAE-8E45-40DF0FA9334F}.Debug|x86.ActiveCfg = Debug|x86
		{B09F91A1-DF25-4DAE-8E45-40DF0FA9334F}.Debug|x86.Build.0 = Debug|x86
		{B09F91A1-DF25-4DAE-8E45-40DF0FA9334F}.Release|Any CPU.ActiveCfg = Release|Any CPU
		{B09F91A1-DF25-4DAE-8E45-40DF0FA9334F}.Release|Any CPU.Build.0 = Release|Any CPU
		{B09F91A1-DF25-4DAE-8E45-40DF0FA9334F}.Release|x64.ActiveCfg = Release|x64
		{B09F91A1-DF25-4DAE-8E45-40DF0FA9334F}.Release|x64.Build.0 = Release|x64
		{B09F91A1-DF25-4DAE-8E45-40DF0FA9334F}.Release|x86.ActiveCfg = Release|x86
		{B09F91A1-DF25-4DAE-8E45-40DF0FA9334F}.Release|x86.Build.0 = Release|x86
		{40FA1F2A-3B4E-470B-87CA-D8B3792F3E8A}.Debug|Any CPU.ActiveCfg = Debug|Any CPU
		{40FA1F2A-3B4E-470B-87CA-D8B3792F3E8A}.Debug|Any CPU.Build.0 = Debug|Any CPU
		{40FA1F2A-3B4E-470B-87CA-D8B3792F3E8A}.Debug|x64.ActiveCfg = Debug|x64
		{40FA1F2A-3B4E-470B-87CA-D8B3792F3E8A}.Debug|x64.Build.0 = Debug|x64
		{40FA1F2A-3B4E-470B-87CA-D8B3792F3E8A}.Debug|x86.ActiveCfg = Debug|x86
		{40FA1F2A-3B4E-470B-87CA-D8B3792F3E8A}.Debug|x86.Build.0 = Debug|x86
		{40FA1F2A-3B4E-470B-87CA-D8B3792F3E8A}.Release|Any CPU.ActiveCfg = Release|Any CPU
		{40FA1F2A-3B4E-470B-87CA-D8B3792F3E8A}.Release|Any CPU.Build.0 = Release|Any CPU
		{40FA1F2A-3B4E-470B-87CA-D8B3792F3E8A}.Release|x64.ActiveCfg = Release|x64
		{40FA1F2A-3B4E-470B-87CA-D8B3792F3E8A}.Release|x64.Build.0 = Release|x64
		{40FA1F2A-3B4E-470B-87CA-D8B3792F3E8A}.Release|x86.ActiveCfg = Release|x86
		{40FA1F2A-3B4E-470B-87CA-D8B3792F3E8A}.Release|x86.Build.0 = Release|x86
		{A717A9F8-AEA4-4B9A-A0BA-8E6D0C856AEE}.Debug|Any CPU.ActiveCfg = Debug|Any CPU
		{A717A9F8-AEA4-4B9A-A0BA-8E6D0C856AEE}.Debug|x64.ActiveCfg = Debug|x64
		{A717A9F8-AEA4-4B9A-A0BA-8E6D0C856AEE}.Debug|x64.Build.0 = Debug|x64
		{A717A9F8-AEA4-4B9A-A0BA-8E6D0C856AEE}.Debug|x86.ActiveCfg = Debug|x86
		{A717A9F8-AEA4-4B9A-A0BA-8E6D0C856AEE}.Debug|x86.Build.0 = Debug|x86
		{A717A9F8-AEA4-4B9A-A0BA-8E6D0C856AEE}.Release|Any CPU.ActiveCfg = Release|Any CPU
		{A717A9F8-AEA4-4B9A-A0BA-8E6D0C856AEE}.Release|x64.ActiveCfg = Release|x64
		{A717A9F8-AEA4-4B9A-A0BA-8E6D0C856AEE}.Release|x64.Build.0 = Release|x64
		{A717A9F8-AEA4-4B9A-A0BA-8E6D0C856AEE}.Release|x86.ActiveCfg = Release|x86
		{A717A9F8-AEA4-4B9A-A0BA-8E6D0C856AEE}.Release|x86.Build.0 = Release|x86
		{DDE40A86-A8A4-4A0E-A964-A4E0C233611F}.Debug|Any CPU.ActiveCfg = Debug|Any CPU
		{DDE40A86-A8A4-4A0E-A964-A4E0C233611F}.Debug|Any CPU.Build.0 = Debug|Any CPU
		{DDE40A86-A8A4-4A0E-A964-A4E0C233611F}.Debug|x64.ActiveCfg = Debug|Any CPU
		{DDE40A86-A8A4-4A0E-A964-A4E0C233611F}.Debug|x86.ActiveCfg = Debug|x86
		{DDE40A86-A8A4-4A0E-A964-A4E0C233611F}.Debug|x86.Build.0 = Debug|x86
		{DDE40A86-A8A4-4A0E-A964-A4E0C233611F}.Release|Any CPU.ActiveCfg = Release|Any CPU
		{DDE40A86-A8A4-4A0E-A964-A4E0C233611F}.Release|Any CPU.Build.0 = Release|Any CPU
		{DDE40A86-A8A4-4A0E-A964-A4E0C233611F}.Release|x64.ActiveCfg = Release|Any CPU
		{DDE40A86-A8A4-4A0E-A964-A4E0C233611F}.Release|x86.ActiveCfg = Release|x86
		{DDE40A86-A8A4-4A0E-A964-A4E0C233611F}.Release|x86.Build.0 = Release|x86
		{5B4FACE3-DDB3-4EAA-985A-9DE4AAC34A91}.Debug|Any CPU.ActiveCfg = Debug|Any CPU
		{5B4FACE3-DDB3-4EAA-985A-9DE4AAC34A91}.Debug|Any CPU.Build.0 = Debug|Any CPU
		{5B4FACE3-DDB3-4EAA-985A-9DE4AAC34A91}.Debug|x64.ActiveCfg = Debug|x64
		{5B4FACE3-DDB3-4EAA-985A-9DE4AAC34A91}.Debug|x64.Build.0 = Debug|x64
		{5B4FACE3-DDB3-4EAA-985A-9DE4AAC34A91}.Debug|x86.ActiveCfg = Debug|x86
		{5B4FACE3-DDB3-4EAA-985A-9DE4AAC34A91}.Debug|x86.Build.0 = Debug|x86
		{5B4FACE3-DDB3-4EAA-985A-9DE4AAC34A91}.Release|Any CPU.ActiveCfg = Release|Any CPU
		{5B4FACE3-DDB3-4EAA-985A-9DE4AAC34A91}.Release|Any CPU.Build.0 = Release|Any CPU
		{5B4FACE3-DDB3-4EAA-985A-9DE4AAC34A91}.Release|x64.ActiveCfg = Release|x64
		{5B4FACE3-DDB3-4EAA-985A-9DE4AAC34A91}.Release|x64.Build.0 = Release|x64
		{5B4FACE3-DDB3-4EAA-985A-9DE4AAC34A91}.Release|x86.ActiveCfg = Release|x86
		{5B4FACE3-DDB3-4EAA-985A-9DE4AAC34A91}.Release|x86.Build.0 = Release|x86
		{A16E749B-7556-41BD-A9B9-253B3253578C}.Debug|Any CPU.ActiveCfg = Debug|Any CPU
		{A16E749B-7556-41BD-A9B9-253B3253578C}.Debug|Any CPU.Build.0 = Debug|Any CPU
		{A16E749B-7556-41BD-A9B9-253B3253578C}.Debug|x64.ActiveCfg = Debug|Any CPU
		{A16E749B-7556-41BD-A9B9-253B3253578C}.Debug|x86.ActiveCfg = Debug|Any CPU
		{A16E749B-7556-41BD-A9B9-253B3253578C}.Release|Any CPU.ActiveCfg = Release|Any CPU
		{A16E749B-7556-41BD-A9B9-253B3253578C}.Release|Any CPU.Build.0 = Release|Any CPU
		{A16E749B-7556-41BD-A9B9-253B3253578C}.Release|x64.ActiveCfg = Release|Any CPU
		{A16E749B-7556-41BD-A9B9-253B3253578C}.Release|x86.ActiveCfg = Release|Any CPU
		{AC454838-BC18-4852-9EAA-1D2E4E72F711}.Debug|Any CPU.ActiveCfg = Debug|Any CPU
		{AC454838-BC18-4852-9EAA-1D2E4E72F711}.Debug|Any CPU.Build.0 = Debug|Any CPU
		{AC454838-BC18-4852-9EAA-1D2E4E72F711}.Debug|x64.ActiveCfg = Debug|Any CPU
		{AC454838-BC18-4852-9EAA-1D2E4E72F711}.Debug|x86.ActiveCfg = Debug|Any CPU
		{AC454838-BC18-4852-9EAA-1D2E4E72F711}.Release|Any CPU.ActiveCfg = Release|Any CPU
		{AC454838-BC18-4852-9EAA-1D2E4E72F711}.Release|Any CPU.Build.0 = Release|Any CPU
		{AC454838-BC18-4852-9EAA-1D2E4E72F711}.Release|x64.ActiveCfg = Release|Any CPU
		{AC454838-BC18-4852-9EAA-1D2E4E72F711}.Release|x86.ActiveCfg = Release|Any CPU
		{3B0B93A1-4A55-412B-8F9D-7E94A60867EA}.Debug|Any CPU.ActiveCfg = Debug|Any CPU
		{3B0B93A1-4A55-412B-8F9D-7E94A60867EA}.Debug|Any CPU.Build.0 = Debug|Any CPU
		{3B0B93A1-4A55-412B-8F9D-7E94A60867EA}.Debug|x64.ActiveCfg = Debug|x64
		{3B0B93A1-4A55-412B-8F9D-7E94A60867EA}.Debug|x64.Build.0 = Debug|x64
		{3B0B93A1-4A55-412B-8F9D-7E94A60867EA}.Debug|x86.ActiveCfg = Debug|x86
		{3B0B93A1-4A55-412B-8F9D-7E94A60867EA}.Debug|x86.Build.0 = Debug|x86
		{3B0B93A1-4A55-412B-8F9D-7E94A60867EA}.Release|Any CPU.ActiveCfg = Release|Any CPU
		{3B0B93A1-4A55-412B-8F9D-7E94A60867EA}.Release|Any CPU.Build.0 = Release|Any CPU
		{3B0B93A1-4A55-412B-8F9D-7E94A60867EA}.Release|x64.ActiveCfg = Release|x64
		{3B0B93A1-4A55-412B-8F9D-7E94A60867EA}.Release|x64.Build.0 = Release|x64
		{3B0B93A1-4A55-412B-8F9D-7E94A60867EA}.Release|x86.ActiveCfg = Release|x86
		{3B0B93A1-4A55-412B-8F9D-7E94A60867EA}.Release|x86.Build.0 = Release|x86
		{96DAEB75-B658-4D5E-83B5-55745DD983D2}.Debug|Any CPU.ActiveCfg = Debug|Any CPU
		{96DAEB75-B658-4D5E-83B5-55745DD983D2}.Debug|Any CPU.Build.0 = Debug|Any CPU
		{96DAEB75-B658-4D5E-83B5-55745DD983D2}.Debug|Any CPU.Deploy.0 = Debug|Any CPU
		{96DAEB75-B658-4D5E-83B5-55745DD983D2}.Debug|x64.ActiveCfg = Debug|x64
		{96DAEB75-B658-4D5E-83B5-55745DD983D2}.Debug|x64.Build.0 = Debug|x64
		{96DAEB75-B658-4D5E-83B5-55745DD983D2}.Debug|x86.ActiveCfg = Debug|x86
		{96DAEB75-B658-4D5E-83B5-55745DD983D2}.Debug|x86.Build.0 = Debug|x86
		{96DAEB75-B658-4D5E-83B5-55745DD983D2}.Release|Any CPU.ActiveCfg = Release|Any CPU
		{96DAEB75-B658-4D5E-83B5-55745DD983D2}.Release|Any CPU.Build.0 = Release|Any CPU
		{96DAEB75-B658-4D5E-83B5-55745DD983D2}.Release|x64.ActiveCfg = Release|x64
		{96DAEB75-B658-4D5E-83B5-55745DD983D2}.Release|x64.Build.0 = Release|x64
		{96DAEB75-B658-4D5E-83B5-55745DD983D2}.Release|x86.ActiveCfg = Release|x86
		{96DAEB75-B658-4D5E-83B5-55745DD983D2}.Release|x86.Build.0 = Release|x86
		{2D187F72-216C-40D5-B9DD-FFB52F7B3AAF}.Debug|Any CPU.ActiveCfg = Debug|Any CPU
		{2D187F72-216C-40D5-B9DD-FFB52F7B3AAF}.Debug|Any CPU.Build.0 = Debug|Any CPU
		{2D187F72-216C-40D5-B9DD-FFB52F7B3AAF}.Debug|x64.ActiveCfg = Debug|Any CPU
		{2D187F72-216C-40D5-B9DD-FFB52F7B3AAF}.Debug|x86.ActiveCfg = Debug|Any CPU
		{2D187F72-216C-40D5-B9DD-FFB52F7B3AAF}.Release|Any CPU.ActiveCfg = Release|Any CPU
		{2D187F72-216C-40D5-B9DD-FFB52F7B3AAF}.Release|Any CPU.Build.0 = Release|Any CPU
		{2D187F72-216C-40D5-B9DD-FFB52F7B3AAF}.Release|x64.ActiveCfg = Release|Any CPU
		{2D187F72-216C-40D5-B9DD-FFB52F7B3AAF}.Release|x86.ActiveCfg = Release|Any CPU
		{69C9EA62-E168-4241-89DB-A44E8387E846}.Debug|Any CPU.ActiveCfg = Debug|Any CPU
		{69C9EA62-E168-4241-89DB-A44E8387E846}.Debug|Any CPU.Build.0 = Debug|Any CPU
		{69C9EA62-E168-4241-89DB-A44E8387E846}.Debug|x64.ActiveCfg = Debug|Any CPU
		{69C9EA62-E168-4241-89DB-A44E8387E846}.Debug|x86.ActiveCfg = Debug|Any CPU
		{69C9EA62-E168-4241-89DB-A44E8387E846}.Release|Any CPU.ActiveCfg = Release|Any CPU
		{69C9EA62-E168-4241-89DB-A44E8387E846}.Release|Any CPU.Build.0 = Release|Any CPU
		{69C9EA62-E168-4241-89DB-A44E8387E846}.Release|x64.ActiveCfg = Release|Any CPU
		{69C9EA62-E168-4241-89DB-A44E8387E846}.Release|x86.ActiveCfg = Release|Any CPU
		{7DCE837C-CCAC-47D3-BD8F-CFAFEA09CEAE}.Debug|Any CPU.ActiveCfg = Debug|Any CPU
		{7DCE837C-CCAC-47D3-BD8F-CFAFEA09CEAE}.Debug|Any CPU.Build.0 = Debug|Any CPU
		{7DCE837C-CCAC-47D3-BD8F-CFAFEA09CEAE}.Debug|x64.ActiveCfg = Debug|Any CPU
		{7DCE837C-CCAC-47D3-BD8F-CFAFEA09CEAE}.Debug|x86.ActiveCfg = Debug|Any CPU
		{7DCE837C-CCAC-47D3-BD8F-CFAFEA09CEAE}.Release|Any CPU.ActiveCfg = Release|Any CPU
		{7DCE837C-CCAC-47D3-BD8F-CFAFEA09CEAE}.Release|Any CPU.Build.0 = Release|Any CPU
		{7DCE837C-CCAC-47D3-BD8F-CFAFEA09CEAE}.Release|x64.ActiveCfg = Release|Any CPU
		{7DCE837C-CCAC-47D3-BD8F-CFAFEA09CEAE}.Release|x86.ActiveCfg = Release|Any CPU
		{B64BCAC4-3BD8-414D-8F5C-F55728FA109E}.Debug|Any CPU.ActiveCfg = Debug|Any CPU
		{B64BCAC4-3BD8-414D-8F5C-F55728FA109E}.Debug|Any CPU.Build.0 = Debug|Any CPU
		{B64BCAC4-3BD8-414D-8F5C-F55728FA109E}.Debug|x64.ActiveCfg = Debug|Any CPU
		{B64BCAC4-3BD8-414D-8F5C-F55728FA109E}.Debug|x86.ActiveCfg = Debug|Any CPU
		{B64BCAC4-3BD8-414D-8F5C-F55728FA109E}.Release|Any CPU.ActiveCfg = Release|Any CPU
		{B64BCAC4-3BD8-414D-8F5C-F55728FA109E}.Release|Any CPU.Build.0 = Release|Any CPU
		{B64BCAC4-3BD8-414D-8F5C-F55728FA109E}.Release|x64.ActiveCfg = Release|Any CPU
		{B64BCAC4-3BD8-414D-8F5C-F55728FA109E}.Release|x86.ActiveCfg = Release|Any CPU
		{AC973648-96E4-4C7F-9047-E84D71EBB750}.Debug|Any CPU.ActiveCfg = Debug|Any CPU
		{AC973648-96E4-4C7F-9047-E84D71EBB750}.Debug|Any CPU.Build.0 = Debug|Any CPU
		{AC973648-96E4-4C7F-9047-E84D71EBB750}.Debug|x64.ActiveCfg = Debug|Any CPU
		{AC973648-96E4-4C7F-9047-E84D71EBB750}.Debug|x86.ActiveCfg = Debug|Any CPU
		{AC973648-96E4-4C7F-9047-E84D71EBB750}.Release|Any CPU.ActiveCfg = Release|Any CPU
		{AC973648-96E4-4C7F-9047-E84D71EBB750}.Release|Any CPU.Build.0 = Release|Any CPU
		{AC973648-96E4-4C7F-9047-E84D71EBB750}.Release|x64.ActiveCfg = Release|Any CPU
		{AC973648-96E4-4C7F-9047-E84D71EBB750}.Release|x86.ActiveCfg = Release|Any CPU
	EndGlobalSection
	GlobalSection(SolutionProperties) = preSolution
		HideSolutionNode = FALSE
	EndGlobalSection
	GlobalSection(NestedProjects) = preSolution
		{557ACE88-A58E-48AB-B7CF-07925CA98530} = {5A292FF3-5C00-4D46-9477-F9CF4EE644BA}
		{B09F91A1-DF25-4DAE-8E45-40DF0FA9334F} = {5A292FF3-5C00-4D46-9477-F9CF4EE644BA}
		{40FA1F2A-3B4E-470B-87CA-D8B3792F3E8A} = {5A292FF3-5C00-4D46-9477-F9CF4EE644BA}
		{A717A9F8-AEA4-4B9A-A0BA-8E6D0C856AEE} = {5A292FF3-5C00-4D46-9477-F9CF4EE644BA}
		{DDE40A86-A8A4-4A0E-A964-A4E0C233611F} = {5A292FF3-5C00-4D46-9477-F9CF4EE644BA}
		{5B4FACE3-DDB3-4EAA-985A-9DE4AAC34A91} = {5A292FF3-5C00-4D46-9477-F9CF4EE644BA}
		{A16E749B-7556-41BD-A9B9-253B3253578C} = {5A292FF3-5C00-4D46-9477-F9CF4EE644BA}
		{AC454838-BC18-4852-9EAA-1D2E4E72F711} = {5A292FF3-5C00-4D46-9477-F9CF4EE644BA}
		{3B0B93A1-4A55-412B-8F9D-7E94A60867EA} = {5A292FF3-5C00-4D46-9477-F9CF4EE644BA}
		{96DAEB75-B658-4D5E-83B5-55745DD983D2} = {5A292FF3-5C00-4D46-9477-F9CF4EE644BA}
		{2D187F72-216C-40D5-B9DD-FFB52F7B3AAF} = {5A292FF3-5C00-4D46-9477-F9CF4EE644BA}
		{69C9EA62-E168-4241-89DB-A44E8387E846} = {5A292FF3-5C00-4D46-9477-F9CF4EE644BA}
		{7DCE837C-CCAC-47D3-BD8F-CFAFEA09CEAE} = {5A292FF3-5C00-4D46-9477-F9CF4EE644BA}
		{B64BCAC4-3BD8-414D-8F5C-F55728FA109E} = {5A292FF3-5C00-4D46-9477-F9CF4EE644BA}
		{AC973648-96E4-4C7F-9047-E84D71EBB750} = {8115E64F-B81B-4A43-A829-9D41EDBEF529}
	EndGlobalSection
	GlobalSection(MonoDevelopProperties) = preSolution
		StartupItem = common\UnitTests\UnitTests.csproj
		Policies = $0
		$0.VersionControlPolicy = $1
		$1.inheritsSet = Mono
		version = 4.0
	EndGlobalSection
EndGlobal
